Microsoft Visual Studio Solution File, Format Version 12.00
# Visual Studio Version 17
VisualStudioVersion = 17.0.31903.59
MinimumVisualStudioVersion = 10.0.40219.1
Project("{284B8DF9-FED6-4DBF-8C8C-DECFFF0A1096}") = "Project_be1bd4d448a447f1a6713b433b4e9417_20250606142046983087", "Project_be1bd4d448a447f1a6713b433b4e9417_20250606142046983087.csproj", "{284B8DF9-FED6-4DBF-8C8C-DECFFF0A1096}"
EndProject
Global
    GlobalSection(SolutionConfigurationPlatforms) = preSolution
        Debug|Any CPU = Debug|Any CPU
        Release|Any CPU = Release|Any CPU
    EndGlobalSection
    GlobalSection(ProjectConfigurationPlatforms) = postSolution
        {284B8DF9-FED6-4DBF-8C8C-DECFFF0A1096}.Debug|Any CPU.ActiveCfg = Debug|Any CPU
        {284B8DF9-FED6-4DBF-8C8C-DECFFF0A1096}.Debug|Any CPU.Build.0 = Debug|Any CPU
        {284B8DF9-FED6-4DBF-8C8C-DECFFF0A1096}.Release|Any CPU.ActiveCfg = Release|Any CPU
        {284B8DF9-FED6-4DBF-8C8C-DECFFF0A1096}.Release|Any CPU.Build.0 = Release|Any CPU
    EndGlobalSection
EndGlobal